
Microsoft Visual Studio Solution File, Format Version 12.00
# Visual Studio Version 16
VisualStudioVersion = 16.0.30804.86
MinimumVisualStudioVersion = 10.0.40219.1
Project("{FAE04EC0-301F-11D3-BF4B-00C04F79EFBC}") = "Remove-Copy", "Remove-Copy\Remove-Copy.csproj", "{43782831-1BDB-4E3B-8A77-F57227FBC462}"
EndProject
Global
	GlobalSection(SolutionConfigurationPlatforms) = preSolution
		Debug|Any CPU = Debug|Any CPU
		Release|Any CPU = Release|Any CPU
	EndGlobalSection
	GlobalSection(ProjectConfigurationPlatforms) = postSolution
		{43782831-1BDB-4E3B-8A77-F57227FBC462}.Debug|Any CPU.ActiveCfg = Debug|Any CPU
		{43782831-1BDB-4E3B-8A77-F57227FBC462}.Debug|Any CPU.Build.0 = Debug|Any CPU
		{43782831-1BDB-4E3B-8A77-F57227FBC462}.Release|Any CPU.ActiveCfg = Release|Any CPU
		{43782831-1BDB-4E3B-8A77-F57227FBC462}.Release|Any CPU.Build.0 = Release|Any CPU
	EndGlobalSection
	GlobalSection(SolutionProperties) = preSolution
		HideSolutionNode = FALSE
	EndGlobalSection
	GlobalSection(ExtensibilityGlobals) = postSolution
		SolutionGuid = {90326E11-CDA8-4996-A427-FA17D8C8D4ED}
	EndGlobalSection
EndGlobal
